// !$*UTF8*$!
{
	archiveVersion = 1;
	classes = {
	};
	objectVersion = 50;
	objects = {

/* Begin PBXBuildFile section */
		AB04ECE322A55A9F00D31444 /* ProductDetailTableViewController.swift in Sources */ = {isa = PBXBuildFile; fileRef = AB04ECE222A55A9F00D31444 /* ProductDetailTableViewController.swift */; };
		AB04ECE722A5638900D31444 /* Enum.swift in Sources */ = {isa = PBXBuildFile; fileRef = AB04ECE622A5638900D31444 /* Enum.swift */; };
		AB04ECEA22A56DA200D31444 /* CartService.swift in Sources */ = {isa = PBXBuildFile; fileRef = AB04ECE922A56DA200D31444 /* CartService.swift */; };
		AB04ECEC22A56E0200D31444 /* ProductCart.swift in Sources */ = {isa = PBXBuildFile; fileRef = AB04ECEB22A56E0200D31444 /* ProductCart.swift */; };
		AB19E7DE22A0144B005C2F47 /* ItemCatalogCollectionViewCell.swift in Sources */ = {isa = PBXBuildFile; fileRef = AB19E7DD22A0144B005C2F47 /* ItemCatalogCollectionViewCell.swift */; };
		AB19E7E222A01777005C2F47 /* Product.swift in Sources */ = {isa = PBXBuildFile; fileRef = AB19E7E122A01777005C2F47 /* Product.swift */; };
		AB19E7E522A02449005C2F47 /* DataService.swift in Sources */ = {isa = PBXBuildFile; fileRef = AB19E7E422A02449005C2F47 /* DataService.swift */; };
		AB19E7E722A035AA005C2F47 /* Assets.xcassets in Resources */ = {isa = PBXBuildFile; fileRef = AB19E7E622A035AA005C2F47 /* Assets.xcassets */; };
		AB19E7EC22A155F3005C2F47 /* CategoryInfo.swift in Sources */ = {isa = PBXBuildFile; fileRef = AB19E7EB22A155F3005C2F47 /* CategoryInfo.swift */; };
		AB19E7EE22A1776C005C2F47 /* ItemCatalogHeaderCollectionReusableView.swift in Sources */ = {isa = PBXBuildFile; fileRef = AB19E7ED22A1776C005C2F47 /* ItemCatalogHeaderCollectionReusableView.swift */; };
		AB245A77229EB3030095089A /* AppDelegate.swift in Sources */ = {isa = PBXBuildFile; fileRef = AB245A76229EB3030095089A /* AppDelegate.swift */; };
		AB245A7E229EB3030095089A /* Main.storyboard in Resources */ = {isa = PBXBuildFile; fileRef = AB245A7C229EB3030095089A /* Main.storyboard */; };
		AB245A83229EB3050095089A /* LaunchScreen.storyboard in Resources */ = {isa = PBXBuildFile; fileRef = AB245A81229EB3050095089A /* LaunchScreen.storyboard */; };
		AB25A98E22A006B200BE2027 /* CatalogViewController.swift in Sources */ = {isa = PBXBuildFile; fileRef = AB25A98D22A006B200BE2027 /* CatalogViewController.swift */; };
		ABFE21B722A69F3E004BC171 /* NotificationUIView.swift in Sources */ = {isa = PBXBuildFile; fileRef = ABFE21B622A69F3E004BC171 /* NotificationUIView.swift */; };
		ABFE21B922A6AAEB004BC171 /* NotificationInfo.swift in Sources */ = {isa = PBXBuildFile; fileRef = ABFE21B822A6AAEB004BC171 /* NotificationInfo.swift */; };
/* End PBXBuildFile section */

/* Begin PBXFileReference section */
		AB04ECE222A55A9F00D31444 /* ProductDetailTableViewController.swift */ = {isa = PBXFileReference; lastKnownFileType = sourcecode.swift; path = ProductDetailTableViewController.swift; sourceTree = "<group>"; };
		AB04ECE622A5638900D31444 /* Enum.swift */ = {isa = PBXFileReference; fileEncoding = 4; lastKnownFileType = sourcecode.swift; path = Enum.swift; sourceTree = "<group>"; };
		AB04ECE922A56DA200D31444 /* CartService.swift */ = {isa = PBXFileReference; lastKnownFileType = sourcecode.swift; path = CartService.swift; sourceTree = "<group>"; };
		AB04ECEB22A56E0200D31444 /* ProductCart.swift */ = {isa = PBXFileReference; lastKnownFileType = sourcecode.swift; path = ProductCart.swift; sourceTree = "<group>"; };
		AB19E7DD22A0144B005C2F47 /* ItemCatalogCollectionViewCell.swift */ = {isa = PBXFileReference; lastKnownFileType = sourcecode.swift; path = ItemCatalogCollectionViewCell.swift; sourceTree = "<group>"; };
		AB19E7E122A01777005C2F47 /* Product.swift */ = {isa = PBXFileReference; lastKnownFileType = sourcecode.swift; path = Product.swift; sourceTree = "<group>"; };
		AB19E7E422A02449005C2F47 /* DataService.swift */ = {isa = PBXFileReference; lastKnownFileType = sourcecode.swift; path = DataService.swift; sourceTree = "<group>"; };
		AB19E7E622A035AA005C2F47 /* Assets.xcassets */ = {isa = PBXFileReference; lastKnownFileType = folder.assetcatalog; path = Assets.xcassets; sourceTree = "<group>"; };
		AB19E7EB22A155F3005C2F47 /* CategoryInfo.swift */ = {isa = PBXFileReference; lastKnownFileType = sourcecode.swift; path = CategoryInfo.swift; sourceTree = "<group>"; };
		AB19E7ED22A1776C005C2F47 /* ItemCatalogHeaderCollectionReusableView.swift */ = {isa = PBXFileReference; lastKnownFileType = sourcecode.swift; path = ItemCatalogHeaderCollectionReusableView.swift; sourceTree = "<group>"; };
		AB245A73229EB3030095089A /* FoodStore.app */ = {isa = PBXFileReference; explicitFileType = wrapper.application; includeInIndex = 0; path = FoodStore.app; sourceTree = BUILT_PRODUCTS_DIR; };
		AB245A76229EB3030095089A /* AppDelegate.swift */ = {isa = PBXFileReference; lastKnownFileType = sourcecode.swift; path = AppDelegate.swift; sourceTree = "<group>"; };
		AB245A7D229EB3030095089A /* Base */ = {isa = PBXFileReference; lastKnownFileType = file.storyboard; name = Base; path = Base.lproj/Main.storyboard; sourceTree = "<group>"; };
		AB245A82229EB3050095089A /* Base */ = {isa = PBXFileReference; lastKnownFileType = file.storyboard; name = Base; path = Base.lproj/LaunchScreen.storyboard; sourceTree = "<group>"; };
		AB245A84229EB3050095089A /* Info.plist */ = {isa = PBXFileReference; lastKnownFileType = text.plist.xml; path = Info.plist; sourceTree = "<group>"; };
		AB25A98D22A006B200BE2027 /* CatalogViewController.swift */ = {isa = PBXFileReference; lastKnownFileType = sourcecode.swift; path = CatalogViewController.swift; sourceTree = "<group>"; };
		ABFE21B622A69F3E004BC171 /* NotificationUIView.swift */ = {isa = PBXFileReference; lastKnownFileType = sourcecode.swift; path = NotificationUIView.swift; sourceTree = "<group>"; };
		ABFE21B822A6AAEB004BC171 /* NotificationInfo.swift */ = {isa = PBXFileReference; lastKnownFileType = sourcecode.swift; path = NotificationInfo.swift; sourceTree = "<group>"; };
/* End PBXFileReference section */

/* Begin PBXFrameworksBuildPhase section */
		AB245A70229EB3030095089A /* Frameworks */ = {
			isa = PBXFrameworksBuildPhase;
			buildActionMask = 2147483647;
			files = (
			);
			runOnlyForDeploymentPostprocessing = 0;
		};
/* End PBXFrameworksBuildPhase section */

/* Begin PBXGroup section */
		AB04ECE822A565D700D31444 /* UI */ = {
			isa = PBXGroup;
			children = (
				AB245A7C229EB3030095089A /* Main.storyboard */,
				AB245A81229EB3050095089A /* LaunchScreen.storyboard */,
			);
			path = UI;
			sourceTree = "<group>";
		};
		AB19E7DF22A01740005C2F47 /* Model */ = {
			isa = PBXGroup;
			children = (
				AB19E7E122A01777005C2F47 /* Product.swift */,
				AB19E7EB22A155F3005C2F47 /* CategoryInfo.swift */,
				AB04ECEB22A56E0200D31444 /* ProductCart.swift */,
				ABFE21B822A6AAEB004BC171 /* NotificationInfo.swift */,
			);
			path = Model;
			sourceTree = "<group>";
		};
		AB19E7E022A01747005C2F47 /* Controller */ = {
			isa = PBXGroup;
			children = (
				AB25A98D22A006B200BE2027 /* CatalogViewController.swift */,
				AB04ECE222A55A9F00D31444 /* ProductDetailTableViewController.swift */,
			);
			path = Controller;
			sourceTree = "<group>";
		};
		AB19E7E322A023FF005C2F47 /* Service */ = {
			isa = PBXGroup;
			children = (
				AB19E7E422A02449005C2F47 /* DataService.swift */,
				AB04ECE922A56DA200D31444 /* CartService.swift */,
			);
			path = Service;
			sourceTree = "<group>";
		};
		AB245A6A229EB3030095089A = {
			isa = PBXGroup;
			children = (
				AB245A75229EB3030095089A /* FoodStore */,
				AB245A74229EB3030095089A /* Products */,
			);
			sourceTree = "<group>";
		};
		AB245A74229EB3030095089A /* Products */ = {
			isa = PBXGroup;
			children = (
				AB245A73229EB3030095089A /* FoodStore.app */,
			);
			name = Products;
			sourceTree = "<group>";
		};
		AB245A75229EB3030095089A /* FoodStore */ = {
			isa = PBXGroup;
			children = (
				AB245A76229EB3030095089A /* AppDelegate.swift */,
				AB19E7E622A035AA005C2F47 /* Assets.xcassets */,
				AB19E7E322A023FF005C2F47 /* Service */,
				AB19E7DF22A01740005C2F47 /* Model */,
				AB19E7E022A01747005C2F47 /* Controller */,
				AB25A98F22A006B800BE2027 /* View */,
				AB04ECE822A565D700D31444 /* UI */,
				AB04ECE622A5638900D31444 /* Enum.swift */,
				AB245A84229EB3050095089A /* Info.plist */,
			);
			path = FoodStore;
			sourceTree = "<group>";
		};
		AB25A98F22A006B800BE2027 /* View */ = {
			isa = PBXGroup;
			children = (
				AB19E7DD22A0144B005C2F47 /* ItemCatalogCollectionViewCell.swift */,
				AB19E7ED22A1776C005C2F47 /* ItemCatalogHeaderCollectionReusableView.swift */,
				ABFE21B622A69F3E004BC171 /* NotificationUIView.swift */,
			);
			path = View;
			sourceTree = "<group>";
		};
/* End PBXGroup section */

/* Begin PBXNativeTarget section */
		AB245A72229EB3030095089A /* FoodStore */ = {
			isa = PBXNativeTarget;
			buildConfigurationList = AB245A87229EB3050095089A /* Build configuration list for PBXNativeTarget "FoodStore" */;
			buildPhases = (
				AB245A6F229EB3030095089A /* Sources */,
				AB245A70229EB3030095089A /* Frameworks */,
				AB245A71229EB3030095089A /* Resources */,
			);
			buildRules = (
			);
			dependencies = (
			);
			name = FoodStore;
			productName = FoodStore;
			productReference = AB245A73229EB3030095089A /* FoodStore.app */;
			productType = "com.apple.product-type.application";
		};
/* End PBXNativeTarget section */

/* Begin PBXProject section */
		AB245A6B229EB3030095089A /* Project object */ = {
			isa = PBXProject;
			attributes = {
				LastSwiftUpdateCheck = 1020;
				LastUpgradeCheck = 1020;
				ORGANIZATIONNAME = "Дмитрий Порошков";
				TargetAttributes = {
					AB245A72229EB3030095089A = {
						CreatedOnToolsVersion = 10.2.1;
					};
				};
			};
			buildConfigurationList = AB245A6E229EB3030095089A /* Build configuration list for PBXProject "FoodStore" */;
			compatibilityVersion = "Xcode 9.3";
			developmentRegion = en;
			hasScannedForEncodings = 0;
			knownRegions = (
				en,
				Base,
			);
			mainGroup = AB245A6A229EB3030095089A;
			productRefGroup = AB245A74229EB3030095089A /* Products */;
			projectDirPath = "";
			projectRoot = "";
			targets = (
				AB245A72229EB3030095089A /* FoodStore */,
			);
		};
/* End PBXProject section */

/* Begin PBXResourcesBuildPhase section */
		AB245A71229EB3030095089A /* Resources */ = {
			isa = PBXResourcesBuildPhase;
			buildActionMask = 2147483647;
			files = (
				AB245A83229EB3050095089A /* LaunchScreen.storyboard in Resources */,
				AB19E7E722A035AA005C2F47 /* Assets.xcassets in Resources */,
				AB245A7E229EB3030095089A /* Main.storyboard in Resources */,
			);
			runOnlyForDeploymentPostprocessing = 0;
		};
/* End PBXResourcesBuildPhase section */

/* Begin PBXSourcesBuildPhase section */
		AB245A6F229EB3030095089A /* Sources */ = {
			isa = PBXSourcesBuildPhase;
			buildActionMask = 2147483647;
			files = (
				AB25A98E22A006B200BE2027 /* CatalogViewController.swift in Sources */,
				AB19E7E222A01777005C2F47 /* Product.swift in Sources */,
				AB245A77229EB3030095089A /* AppDelegate.swift in Sources */,
				AB04ECEA22A56DA200D31444 /* CartService.swift in Sources */,
				AB19E7DE22A0144B005C2F47 /* ItemCatalogCollectionViewCell.swift in Sources */,
				AB04ECE322A55A9F00D31444 /* ProductDetailTableViewController.swift in Sources */,
				AB04ECE722A5638900D31444 /* Enum.swift in Sources */,
				AB19E7E522A02449005C2F47 /* DataService.swift in Sources */,
				ABFE21B922A6AAEB004BC171 /* NotificationInfo.swift in Sources */,
				AB04ECEC22A56E0200D31444 /* ProductCart.swift in Sources */,
				AB19E7EC22A155F3005C2F47 /* CategoryInfo.swift in Sources */,
				AB19E7EE22A1776C005C2F47 /* ItemCatalogHeaderCollectionReusableView.swift in Sources */,
				ABFE21B722A69F3E004BC171 /* NotificationUIView.swift in Sources */,
			);
			runOnlyForDeploymentPostprocessing = 0;
		};
/* End PBXSourcesBuildPhase section */

/* Begin PBXVariantGroup section */
		AB245A7C229EB3030095089A /* Main.storyboard */ = {
			isa = PBXVariantGroup;
			children = (
				AB245A7D229EB3030095089A /* Base */,
			);
			name = Main.storyboard;
			sourceTree = "<group>";
		};
		AB245A81229EB3050095089A /* LaunchScreen.storyboard */ = {
			isa = PBXVariantGroup;
			children = (
				AB245A82229EB3050095089A /* Base */,
			);
			name = LaunchScreen.storyboard;
			sourceTree = "<group>";
		};
/* End PBXVariantGroup section */

/* Begin XCBuildConfiguration section */
		AB245A85229EB3050095089A /* Debug */ = {
			isa = XCBuildConfiguration;
			buildSettings = {
				ALWAYS_SEARCH_USER_PATHS = NO;
				CLANG_ANALYZER_NONNULL = YES;
				CLANG_ANALYZER_NUMBER_OBJECT_CONVERSION = YES_AGGRESSIVE;
				CLANG_CXX_LANGUAGE_STANDARD = "gnu++14";
				CLANG_CXX_LIBRARY = "libc++";
				CLANG_ENABLE_MODULES = YES;
				CLANG_ENABLE_OBJC_ARC = YES;
				CLANG_ENABLE_OBJC_WEAK = YES;
				CLANG_WARN_BLOCK_CAPTURE_AUTORELEASING = YES;
				CLANG_WARN_BOOL_CONVERSION = YES;
				CLANG_WARN_COMMA = YES;
				CLANG_WARN_CONSTANT_CONVERSION = YES;
				CLANG_WARN_DEPRECATED_OBJC_IMPLEMENTATIONS = YES;
				CLANG_WARN_DIRECT_OBJC_ISA_USAGE = YES_ERROR;
				CLANG_WARN_DOCUMENTATION_COMMENTS = YES;
				CLANG_WARN_EMPTY_BODY = YES;
				CLANG_WARN_ENUM_CONVERSION = YES;
				CLANG_WARN_INFINITE_RECURSION = YES;
				CLANG_WARN_INT_CONVERSION = YES;
				CLANG_WARN_NON_LITERAL_NULL_CONVERSION = YES;
				CLANG_WARN_OBJC_IMPLICIT_RETAIN_SELF = YES;
				CLANG_WARN_OBJC_LITERAL_CONVERSION = YES;
				CLANG_WARN_OBJC_ROOT_CLASS = YES_ERROR;
				CLANG_WARN_RANGE_LOOP_ANALYSIS = YES;
				CLANG_WARN_STRICT_PROTOTYPES = YES;
				CLANG_WARN_SUSPICIOUS_MOVE = YES;
				CLANG_WARN_UNGUARDED_AVAILABILITY = YES_AGGRESSIVE;
				CLANG_WARN_UNREACHABLE_CODE = YES;
				CLANG_WARN__DUPLICATE_METHOD_MATCH = YES;
				CODE_SIGN_IDENTITY = "iPhone Developer";
				COPY_PHASE_STRIP = NO;
				DEBUG_INFORMATION_FORMAT = dwarf;
				ENABLE_STRICT_OBJC_MSGSEND = YES;
				ENABLE_TESTABILITY = YES;
				GCC_C_LANGUAGE_STANDARD = gnu11;
				GCC_DYNAMIC_NO_PIC = NO;
				GCC_NO_COMMON_BLOCKS = YES;
				GCC_OPTIMIZATION_LEVEL = 0;
				GCC_PREPROCESSOR_DEFINITIONS = (
					"DEBUG=1",
					"$(inherited)",
				);
				GCC_WARN_64_TO_32_BIT_CONVERSION = YES;
				GCC_WARN_ABOUT_RETURN_TYPE = YES_ERROR;
				GCC_WARN_UNDECLARED_SELECTOR = YES;
				GCC_WARN_UNINITIALIZED_AUTOS = YES_AGGRESSIVE;
				GCC_WARN_UNUSED_FUNCTION = YES;
				GCC_WARN_UNUSED_VARIABLE = YES;
				IPHONEOS_DEPLOYMENT_TARGET = 12.2;
				MTL_ENABLE_DEBUG_INFO = INCLUDE_SOURCE;
				MTL_FAST_MATH = YES;
				ONLY_ACTIVE_ARCH = YES;
				SDKROOT = iphoneos;
				SWIFT_ACTIVE_COMPILATION_CONDITIONS = DEBUG;
				SWIFT_OPTIMIZATION_LEVEL = "-Onone";
			};
			name = Debug;
		};
		AB245A86229EB3050095089A /* Release */ = {
			isa = XCBuildConfiguration;
			buildSettings = {
				ALWAYS_SEARCH_USER_PATHS = NO;
				CLANG_ANALYZER_NONNULL = YES;
				CLANG_ANALYZER_NUMBER_OBJECT_CONVERSION = YES_AGGRESSIVE;
				CLANG_CXX_LANGUAGE_STANDARD = "gnu++14";
				CLANG_CXX_LIBRARY = "libc++";
				CLANG_ENABLE_MODULES = YES;
				CLANG_ENABLE_OBJC_ARC = YES;
				CLANG_ENABLE_OBJC_WEAK = YES;
				CLANG_WARN_BLOCK_CAPTURE_AUTORELEASING = YES;
				CLANG_WARN_BOOL_CONVERSION = YES;
				CLANG_WARN_COMMA = YES;
				CLANG_WARN_CONSTANT_CONVERSION = YES;
				CLANG_WARN_DEPRECATED_OBJC_IMPLEMENTATIONS = YES;
				CLANG_WARN_DIRECT_OBJC_ISA_USAGE = YES_ERROR;
				CLANG_WARN_DOCUMENTATION_COMMENTS = YES;
				CLANG_WARN_EMPTY_BODY = YES;
				CLANG_WARN_ENUM_CONVERSION = YES;
				CLANG_WARN_INFINITE_RECURSION = YES;
				CLANG_WARN_INT_CONVERSION = YES;
				CLANG_WARN_NON_LITERAL_NULL_CONVERSION = YES;
				CLANG_WARN_OBJC_IMPLICIT_RETAIN_SELF = YES;
				CLANG_WARN_OBJC_LITERAL_CONVERSION = YES;
				CLANG_WARN_OBJC_ROOT_CLASS = YES_ERROR;
				CLANG_WARN_RANGE_LOOP_ANALYSIS = YES;
				CLANG_WARN_STRICT_PROTOTYPES = YES;
				CLANG_WARN_SUSPICIOUS_MOVE = YES;
				CLANG_WARN_UNGUARDED_AVAILABILITY = YES_AGGRESSIVE;
				CLANG_WARN_UNREACHABLE_CODE = YES;
				CLANG_WARN__DUPLICATE_METHOD_MATCH = YES;
				CODE_SIGN_IDENTITY = "iPhone Developer";
				COPY_PHASE_STRIP = NO;
				DEBUG_INFORMATION_FORMAT = "dwarf-with-dsym";
				ENABLE_NS_ASSERTIONS = NO;
				ENABLE_STRICT_OBJC_MSGSEND = YES;
				GCC_C_LANGUAGE_STANDARD = gnu11;
				GCC_NO_COMMON_BLOCKS = YES;
				GCC_WARN_64_TO_32_BIT_CONVERSION = YES;
				GCC_WARN_ABOUT_RETURN_TYPE = YES_ERROR;
				GCC_WARN_UNDECLARED_SELECTOR = YES;
				GCC_WARN_UNINITIALIZED_AUTOS = YES_AGGRESSIVE;
				GCC_WARN_UNUSED_FUNCTION = YES;
				GCC_WARN_UNUSED_VARIABLE = YES;
				IPHONEOS_DEPLOYMENT_TARGET = 12.2;
				MTL_ENABLE_DEBUG_INFO = NO;
				MTL_FAST_MATH = YES;
				SDKROOT = iphoneos;
				SWIFT_COMPILATION_MODE = wholemodule;
				SWIFT_OPTIMIZATION_LEVEL = "-O";
				VALIDATE_PRODUCT = YES;
			};
			name = Release;
		};
		AB245A88229EB3050095089A /* Debug */ = {
			isa = XCBuildConfiguration;
			buildSettings = {
				ASSETCATALOG_COMPILER_APPICON_NAME = AppIcon;
				CODE_SIGN_STYLE = Automatic;
				INFOPLIST_FILE = FoodStore/Info.plist;
				LD_RUNPATH_SEARCH_PATHS = (
					"$(inherited)",
					"@executable_path/Frameworks",
				);
				PRODUCT_BUNDLE_IDENTIFIER = ru.falseinteger.FoodStore;
				PRODUCT_NAME = "$(TARGET_NAME)";
				SWIFT_VERSION = 5.0;
				TARGETED_DEVICE_FAMILY = "1,2";
			};
			name = Debug;
		};
		AB245A89229EB3050095089A /* Release */ = {
			isa = XCBuildConfiguration;
			buildSettings = {
				ASSETCATALOG_COMPILER_APPICON_NAME = AppIcon;
				CODE_SIGN_STYLE = Automatic;
				INFOPLIST_FILE = FoodStore/Info.plist;
				LD_RUNPATH_SEARCH_PATHS = (
					"$(inherited)",
					"@executable_path/Frameworks",
				);
				PRODUCT_BUNDLE_IDENTIFIER = ru.falseinteger.FoodStore;
				PRODUCT_NAME = "$(TARGET_NAME)";
				SWIFT_VERSION = 5.0;
				TARGETED_DEVICE_FAMILY = "1,2";
			};
			name = Release;
		};
/* End XCBuildConfiguration section */

/* Begin XCConfigurationList section */
		AB245A6E229EB3030095089A /* Build configuration list for PBXProject "FoodStore" */ = {
			isa = XCConfigurationList;
			buildConfigurations = (
				AB245A85229EB3050095089A /* Debug */,
				AB245A86229EB3050095089A /* Release */,
			);
			defaultConfigurationIsVisible = 0;
			defaultConfigurationName = Release;
		};
		AB245A87229EB3050095089A /* Build configuration list for PBXNativeTarget "FoodStore" */ = {
			isa = XCConfigurationList;
			buildConfigurations = (
				AB245A88229EB3050095089A /* Debug */,
				AB245A89229EB3050095089A /* Release */,
			);
			defaultConfigurationIsVisible = 0;
			defaultConfigurationName = Release;
		};
/* End XCConfigurationList section */
	};
	rootObject = AB245A6B229EB3030095089A /* Project object */;
}
